
Microsoft Visual Studio Solution File, Format Version 12.00
# Visual Studio Version 16
VisualStudioVersion = 25.0.1706.4
MinimumVisualStudioVersion = 10.0.40219.1
Project("{FAE04EC0-301F-11D3-BF4B-00C04F79EFBC}") = "FinalProject4100", "FinalProject4100.csproj", "{9B38E63A-41A8-4836-8472-982BB283FA81}"
EndProject
Global
	GlobalSection(SolutionConfigurationPlatforms) = preSolution
		Debug|Any CPU = Debug|Any CPU
		Release|Any CPU = Release|Any CPU
	EndGlobalSection
	GlobalSection(ProjectConfigurationPlatforms) = postSolution
		{9B38E63A-41A8-4836-8472-982BB283FA81}.Debug|Any CPU.ActiveCfg = Debug|Any CPU
		{9B38E63A-41A8-4836-8472-982BB283FA81}.Debug|Any CPU.Build.0 = Debug|Any CPU
		{9B38E63A-41A8-4836-8472-982BB283FA81}.Release|Any CPU.ActiveCfg = Release|Any CPU
		{9B38E63A-41A8-4836-8472-982BB283FA81}.Release|Any CPU.Build.0 = Release|Any CPU
	EndGlobalSection
	GlobalSection(SolutionProperties) = preSolution
		HideSolutionNode = FALSE
	EndGlobalSection
	GlobalSection(ExtensibilityGlobals) = postSolution
		SolutionGuid = {5277857F-DA62-40BC-825E-69B46E026464}
	EndGlobalSection
EndGlobal
